// !$*UTF8*$!
{
	archiveVersion = 1;
	classes = {
	};
	objectVersion = 45;
	objects = {

/* Begin PBXBuildFile section */
		8D11072A0486CEB800E47090 /* MainMenu.nib in Resources */ = {isa = PBXBuildFile; fileRef = 29B97318FDCFA39411CA2CEA /* MainMenu.nib */; };
		8D11072B0486CEB800E47090 /* InfoPlist.strings in Resources */ = {isa = PBXBuildFile; fileRef = 089C165CFE840E0CC02AAC07 /* InfoPlist.strings */; };
		8D11072D0486CEB800E47090 /* main.m in Sources */ = {isa = PBXBuildFile; fileRef = 29B97316FDCFA39411CA2CEA /* main.m */; settings = {ATTRIBUTES = (); }; };
		8D11072F0486CEB800E47090 /* Cocoa.framework in Frameworks */ = {isa = PBXBuildFile; fileRef = 1058C7A1FEA54F0111CA2CBB /* Cocoa.framework */; };
		CD29BE3B0DA5B2F200AB9913 /* NSArray_Extensions.m in Sources */ = {isa = PBXBuildFile; fileRef = CD29BE390DA5B2F200AB9913 /* NSArray_Extensions.m */; };
		CD29BE8B0DA5C96000AB9913 /* PBGSeparatorCell.m in Sources */ = {isa = PBXBuildFile; fileRef = CD29BE8A0DA5C96000AB9913 /* PBGSeparatorCell.m */; };
		CD29BFE20DA800B200AB9913 /* CameraController.m in Sources */ = {isa = PBXBuildFile; fileRef = CD29BFE10DA800B200AB9913 /* CameraController.m */; };
		CD29BFFA0DA8018200AB9913 /* PBGANNImageProcessor.m in Sources */ = {isa = PBXBuildFile; fileRef = CD29BFF70DA8018200AB9913 /* PBGANNImageProcessor.m */; };
		CD29BFFB0DA8018200AB9913 /* PBGArrayView.m in Sources */ = {isa = PBXBuildFile; fileRef = CD29BFF90DA8018200AB9913 /* PBGArrayView.m */; };
		CD29C0130DA82D1A00AB9913 /* LessonController.m in Sources */ = {isa = PBXBuildFile; fileRef = CD29C0120DA82D1A00AB9913 /* LessonController.m */; };
		CD29C0180DA82D2C00AB9913 /* PBGLesson.m in Sources */ = {isa = PBXBuildFile; fileRef = CD29C0170DA82D2C00AB9913 /* PBGLesson.m */; };
		CD8E070B0DA4804C0086C2FC /* PBGImageAndTextCell.m in Sources */ = {isa = PBXBuildFile; fileRef = CD8E070A0DA4804C0086C2FC /* PBGImageAndTextCell.m */; };
		CD8E07230DA484E30086C2FC /* PBGSourceObject.m in Sources */ = {isa = PBXBuildFile; fileRef = CD8E07220DA484E30086C2FC /* PBGSourceObject.m */; };
		CD8E07470DA5A99A0086C2FC /* PBGTreeNode.m in Sources */ = {isa = PBXBuildFile; fileRef = CD8E07460DA5A99A0086C2FC /* PBGTreeNode.m */; };
		CDBD6F560DA9462900653ACC /* QTKit.framework in Frameworks */ = {isa = PBXBuildFile; fileRef = CDBD6F540DA9462900653ACC /* QTKit.framework */; };
		CDBD6F570DA9462900653ACC /* QuartzCore.framework in Frameworks */ = {isa = PBXBuildFile; fileRef = CDBD6F550DA9462900653ACC /* QuartzCore.framework */; };
		CDBD6F6A0DA9482200653ACC /* Camera.xib in Resources */ = {isa = PBXBuildFile; fileRef = CDBD6F680DA9482200653ACC /* Camera.xib */; };
		CDBD71270DABF35500653ACC /* PBGNeuron.m in Sources */ = {isa = PBXBuildFile; fileRef = CDBD71210DABF35400653ACC /* PBGNeuron.m */; };
		CDBD71280DABF35500653ACC /* PBGWeightedConnection.m in Sources */ = {isa = PBXBuildFile; fileRef = CDBD71240DABF35500653ACC /* PBGWeightedConnection.m */; };
		CDBD71290DABF35500653ACC /* PBGNeuralNetwork.m in Sources */ = {isa = PBXBuildFile; fileRef = CDBD71250DABF35500653ACC /* PBGNeuralNetwork.m */; };
		CDF6B3E40DA2B956009F28C4 /* NeurosisController.m in Sources */ = {isa = PBXBuildFile; fileRef = CDF6B3E30DA2B956009F28C4 /* NeurosisController.m */; };
/* End PBXBuildFile section */

/* Begin PBXFileReference section */
		089C165DFE840E0CC02AAC07 /* English */ = {isa = PBXFileReference; fileEncoding = 10; lastKnownFileType = text.plist.strings; name = English; path = English.lproj/InfoPlist.strings; sourceTree = "<group>"; };
		1058C7A1FEA54F0111CA2CBB /* Cocoa.framework */ = {isa = PBXFileReference; lastKnownFileType = wrapper.framework; name = Cocoa.framework; path = /System/Library/Frameworks/Cocoa.framework; sourceTree = "<absolute>"; };
		13E42FB307B3F0F600E4EEF1 /* CoreData.framework */ = {isa = PBXFileReference; lastKnownFileType = wrapper.framework; name = CoreData.framework; path = /System/Library/Frameworks/CoreData.framework; sourceTree = "<absolute>"; };
		29B97316FDCFA39411CA2CEA /* main.m */ = {isa = PBXFileReference; fileEncoding = 4; lastKnownFileType = sourcecode.c.objc; path = main.m; sourceTree = "<group>"; };
		29B97319FDCFA39411CA2CEA /* English */ = {isa = PBXFileReference; lastKnownFileType = wrapper.nib; name = English; path = English.lproj/MainMenu.nib; sourceTree = "<group>"; };
		29B97324FDCFA39411CA2CEA /* AppKit.framework */ = {isa = PBXFileReference; lastKnownFileType = wrapper.framework; name = AppKit.framework; path = /System/Library/Frameworks/AppKit.framework; sourceTree = "<absolute>"; };
		29B97325FDCFA39411CA2CEA /* Foundation.framework */ = {isa = PBXFileReference; lastKnownFileType = wrapper.framework; name = Foundation.framework; path = /System/Library/Frameworks/Foundation.framework; sourceTree = "<absolute>"; };
		32CA4F630368D1EE00C91783 /* Neurosis_Prefix.pch */ = {isa = PBXFileReference; fileEncoding = 4; lastKnownFileType = sourcecode.c.h; path = Neurosis_Prefix.pch; sourceTree = "<group>"; };
		8D1107310486CEB800E47090 /* Info.plist */ = {isa = PBXFileReference; fileEncoding = 4; lastKnownFileType = text.plist.xml; path = Info.plist; sourceTree = "<group>"; };
		8D1107320486CEB800E47090 /* Neurosis.app */ = {isa = PBXFileReference; explicitFileType = wrapper.application; includeInIndex = 0; path = Neurosis.app; sourceTree = BUILT_PRODUCTS_DIR; };
		CD29BE390DA5B2F200AB9913 /* NSArray_Extensions.m */ = {isa = PBXFileReference; fileEncoding = 4; lastKnownFileType = sourcecode.c.objc; path = NSArray_Extensions.m; sourceTree = "<group>"; };
		CD29BE3A0DA5B2F200AB9913 /* NSArray_Extensions.h */ = {isa = PBXFileReference; fileEncoding = 4; lastKnownFileType = sourcecode.c.h; path = NSArray_Extensions.h; sourceTree = "<group>"; };
		CD29BE890DA5C96000AB9913 /* PBGSeparatorCell.h */ = {isa = PBXFileReference; fileEncoding = 4; lastKnownFileType = sourcecode.c.h; path = PBGSeparatorCell.h; sourceTree = "<group>"; };
		CD29BE8A0DA5C96000AB9913 /* PBGSeparatorCell.m */ = {isa = PBXFileReference; fileEncoding = 4; lastKnownFileType = sourcecode.c.objc; path = PBGSeparatorCell.m; sourceTree = "<group>"; };
		CD29BFE00DA800B200AB9913 /* CameraController.h */ = {isa = PBXFileReference; fileEncoding = 4; lastKnownFileType = sourcecode.c.h; path = CameraController.h; sourceTree = "<group>"; };
		CD29BFE10DA800B200AB9913 /* CameraController.m */ = {isa = PBXFileReference; fileEncoding = 4; lastKnownFileType = sourcecode.c.objc; path = CameraController.m; sourceTree = "<group>"; };
		CD29BFF60DA8018200AB9913 /* PBGANNImageProcessor.h */ = {isa = PBXFileReference; fileEncoding = 4; lastKnownFileType = sourcecode.c.h; path = PBGANNImageProcessor.h; sourceTree = "<group>"; };
		CD29BFF70DA8018200AB9913 /* PBGANNImageProcessor.m */ = {isa = PBXFileReference; fileEncoding = 4; lastKnownFileType = sourcecode.c.objc; path = PBGANNImageProcessor.m; sourceTree = "<group>"; };
		CD29BFF80DA8018200AB9913 /* PBGArrayView.h */ = {isa = PBXFileReference; fileEncoding = 4; lastKnownFileType = sourcecode.c.h; path = PBGArrayView.h; sourceTree = "<group>"; };
		CD29BFF90DA8018200AB9913 /* PBGArrayView.m */ = {isa = PBXFileReference; fileEncoding = 4; lastKnownFileType = sourcecode.c.objc; path = PBGArrayView.m; sourceTree = "<group>"; };
		CD29C0110DA82D1A00AB9913 /* LessonController.h */ = {isa = PBXFileReference; fileEncoding = 4; lastKnownFileType = sourcecode.c.h; path = LessonController.h; sourceTree = "<group>"; };
		CD29C0120DA82D1A00AB9913 /* LessonController.m */ = {isa = PBXFileReference; fileEncoding = 4; lastKnownFileType = sourcecode.c.objc; path = LessonController.m; sourceTree = "<group>"; };
		CD29C0160DA82D2C00AB9913 /* PBGLesson.h */ = {isa = PBXFileReference; fileEncoding = 4; lastKnownFileType = sourcecode.c.h; path = PBGLesson.h; sourceTree = "<group>"; };
		CD29C0170DA82D2C00AB9913 /* PBGLesson.m */ = {isa = PBXFileReference; fileEncoding = 4; lastKnownFileType = sourcecode.c.objc; path = PBGLesson.m; sourceTree = "<group>"; };
		CD8E07090DA4804C0086C2FC /* PBGImageAndTextCell.h */ = {isa = PBXFileReference; fileEncoding = 4; lastKnownFileType = sourcecode.c.h; path = PBGImageAndTextCell.h; sourceTree = "<group>"; };
		CD8E070A0DA4804C0086C2FC /* PBGImageAndTextCell.m */ = {isa = PBXFileReference; fileEncoding = 4; lastKnownFileType = sourcecode.c.objc; path = PBGImageAndTextCell.m; sourceTree = "<group>"; };
		CD8E07210DA484E30086C2FC /* PBGSourceObject.h */ = {isa = PBXFileReference; fileEncoding = 4; lastKnownFileType = sourcecode.c.h; path = PBGSourceObject.h; sourceTree = "<group>"; };
		CD8E07220DA484E30086C2FC /* PBGSourceObject.m */ = {isa = PBXFileReference; fileEncoding = 4; lastKnownFileType = sourcecode.c.objc; path = PBGSourceObject.m; sourceTree = "<group>"; };
		CD8E07450DA5A99A0086C2FC /* PBGTreeNode.h */ = {isa = PBXFileReference; fileEncoding = 4; lastKnownFileType = sourcecode.c.h; path = PBGTreeNode.h; sourceTree = "<group>"; };
		CD8E07460DA5A99A0086C2FC /* PBGTreeNode.m */ = {isa = PBXFileReference; fileEncoding = 4; lastKnownFileType = sourcecode.c.objc; path = PBGTreeNode.m; sourceTree = "<group>"; };
		CDBD6F540DA9462900653ACC /* QTKit.framework */ = {isa = PBXFileReference; lastKnownFileType = wrapper.framework; name = QTKit.framework; path = /System/Library/Frameworks/QTKit.framework; sourceTree = "<absolute>"; };
		CDBD6F550DA9462900653ACC /* QuartzCore.framework */ = {isa = PBXFileReference; lastKnownFileType = wrapper.framework; name = QuartzCore.framework; path = /System/Library/Frameworks/QuartzCore.framework; sourceTree = "<absolute>"; };
		CDBD6F690DA9482200653ACC /* English */ = {isa = PBXFileReference; lastKnownFileType = file.xib; name = English; path = English.lproj/Camera.xib; sourceTree = "<group>"; };
		CDBD70DB0DAB13E000653ACC /* PBGDefines.h */ = {isa = PBXFileReference; fileEncoding = 4; lastKnownFileType = sourcecode.c.h; path = PBGDefines.h; sourceTree = "<group>"; };
		CDBD71210DABF35400653ACC /* PBGNeuron.m */ = {isa = PBXFileReference; fileEncoding = 4; lastKnownFileType = sourcecode.c.objc; path = PBGNeuron.m; sourceTree = "<group>"; };
		CDBD71220DABF35500653ACC /* PBGWeightedConnection.h */ = {isa = PBXFileReference; fileEncoding = 4; lastKnownFileType = sourcecode.c.h; path = PBGWeightedConnection.h; sourceTree = "<group>"; };
		CDBD71230DABF35500653ACC /* PBGNeuralNetwork.h */ = {isa = PBXFileReference; fileEncoding = 4; lastKnownFileType = sourcecode.c.h; path = PBGNeuralNetwork.h; sourceTree = "<group>"; };
		CDBD71240DABF35500653ACC /* PBGWeightedConnection.m */ = {isa = PBXFileReference; fileEncoding = 4; lastKnownFileType = sourcecode.c.objc; path = PBGWeightedConnection.m; sourceTree = "<group>"; };
		CDBD71250DABF35500653ACC /* PBGNeuralNetwork.m */ = {isa = PBXFileReference; fileEncoding = 4; lastKnownFileType = sourcecode.c.objc; path = PBGNeuralNetwork.m; sourceTree = "<group>"; };
		CDBD71260DABF35500653ACC /* PBGNeuron.h */ = {isa = PBXFileReference; fileEncoding = 4; lastKnownFileType = sourcecode.c.h; path = PBGNeuron.h; sourceTree = "<group>"; };
		CDF6B3E20DA2B956009F28C4 /* NeurosisController.h */ = {isa = PBXFileReference; fileEncoding = 4; lastKnownFileType = sourcecode.c.h; path = NeurosisController.h; sourceTree = "<group>"; };
		CDF6B3E30DA2B956009F28C4 /* NeurosisController.m */ = {isa = PBXFileReference; fileEncoding = 4; lastKnownFileType = sourcecode.c.objc; path = NeurosisController.m; sourceTree = "<group>"; };
/* End PBXFileReference section */

/* Begin PBXFrameworksBuildPhase section */
		8D11072E0486CEB800E47090 /* Frameworks */ = {
			isa = PBXFrameworksBuildPhase;
			buildActionMask = 2147483647;
			files = (
				8D11072F0486CEB800E47090 /* Cocoa.framework in Frameworks */,
				CDBD6F560DA9462900653ACC /* QTKit.framework in Frameworks */,
				CDBD6F570DA9462900653ACC /* QuartzCore.framework in Frameworks */,
			);
			runOnlyForDeploymentPostprocessing = 0;
		};
/* End PBXFrameworksBuildPhase section */

/* Begin PBXGroup section */
		080E96DDFE201D6D7F000001 /* Classes */ = {
			isa = PBXGroup;
			children = (
				CDBD712B0DABF35C00653ACC /* Neural Network */,
				CD29C0080DA80EA200AB9913 /* Controllers */,
				CD29C0160DA82D2C00AB9913 /* PBGLesson.h */,
				CD29C0170DA82D2C00AB9913 /* PBGLesson.m */,
				CD29BFF60DA8018200AB9913 /* PBGANNImageProcessor.h */,
				CD29BFF70DA8018200AB9913 /* PBGANNImageProcessor.m */,
				CD29BFF80DA8018200AB9913 /* PBGArrayView.h */,
				CD29BFF90DA8018200AB9913 /* PBGArrayView.m */,
				CD8E07450DA5A99A0086C2FC /* PBGTreeNode.h */,
				CD8E07460DA5A99A0086C2FC /* PBGTreeNode.m */,
				CD29BE390DA5B2F200AB9913 /* NSArray_Extensions.m */,
				CD29BE3A0DA5B2F200AB9913 /* NSArray_Extensions.h */,
				CD8E07210DA484E30086C2FC /* PBGSourceObject.h */,
				CD8E07220DA484E30086C2FC /* PBGSourceObject.m */,
				CD8E07090DA4804C0086C2FC /* PBGImageAndTextCell.h */,
				CD8E070A0DA4804C0086C2FC /* PBGImageAndTextCell.m */,
				CD29BE890DA5C96000AB9913 /* PBGSeparatorCell.h */,
				CD29BE8A0DA5C96000AB9913 /* PBGSeparatorCell.m */,
				CDBD70DB0DAB13E000653ACC /* PBGDefines.h */,
			);
			name = Classes;
			sourceTree = "<group>";
		};
		1058C7A0FEA54F0111CA2CBB /* Linked Frameworks */ = {
			isa = PBXGroup;
			children = (
				CDBD6F540DA9462900653ACC /* QTKit.framework */,
				CDBD6F550DA9462900653ACC /* QuartzCore.framework */,
				1058C7A1FEA54F0111CA2CBB /* Cocoa.framework */,
			);
			name = "Linked Frameworks";
			sourceTree = "<group>";
		};
		1058C7A2FEA54F0111CA2CBB /* Other Frameworks */ = {
			isa = PBXGroup;
			children = (
				29B97324FDCFA39411CA2CEA /* AppKit.framework */,
				13E42FB307B3F0F600E4EEF1 /* CoreData.framework */,
				29B97325FDCFA39411CA2CEA /* Foundation.framework */,
			);
			name = "Other Frameworks";
			sourceTree = "<group>";
		};
		19C28FACFE9D520D11CA2CBB /* Products */ = {
			isa = PBXGroup;
			children = (
				8D1107320486CEB800E47090 /* Neurosis.app */,
			);
			name = Products;
			sourceTree = "<group>";
		};
		29B97314FDCFA39411CA2CEA /* Neurosis */ = {
			isa = PBXGroup;
			children = (
				080E96DDFE201D6D7F000001 /* Classes */,
				29B97315FDCFA39411CA2CEA /* Other Sources */,
				29B97317FDCFA39411CA2CEA /* Resources */,
				29B97323FDCFA39411CA2CEA /* Frameworks */,
				19C28FACFE9D520D11CA2CBB /* Products */,
				CDBD6F680DA9482200653ACC /* Camera.xib */,
			);
			name = Neurosis;
			sourceTree = "<group>";
		};
		29B97315FDCFA39411CA2CEA /* Other Sources */ = {
			isa = PBXGroup;
			children = (
				32CA4F630368D1EE00C91783 /* Neurosis_Prefix.pch */,
				29B97316FDCFA39411CA2CEA /* main.m */,
			);
			name = "Other Sources";
			sourceTree = "<group>";
		};
		29B97317FDCFA39411CA2CEA /* Resources */ = {
			isa = PBXGroup;
			children = (
				8D1107310486CEB800E47090 /* Info.plist */,
				089C165CFE840E0CC02AAC07 /* InfoPlist.strings */,
				29B97318FDCFA39411CA2CEA /* MainMenu.nib */,
			);
			name = Resources;
			sourceTree = "<group>";
		};
		29B97323FDCFA39411CA2CEA /* Frameworks */ = {
			isa = PBXGroup;
			children = (
				1058C7A0FEA54F0111CA2CBB /* Linked Frameworks */,
				1058C7A2FEA54F0111CA2CBB /* Other Frameworks */,
			);
			name = Frameworks;
			sourceTree = "<group>";
		};
		CD29C0080DA80EA200AB9913 /* Controllers */ = {
			isa = PBXGroup;
			children = (
				CD29BFE00DA800B200AB9913 /* CameraController.h */,
				CD29BFE10DA800B200AB9913 /* CameraController.m */,
				CDF6B3E20DA2B956009F28C4 /* NeurosisController.h */,
				CDF6B3E30DA2B956009F28C4 /* NeurosisController.m */,
				CD29C0110DA82D1A00AB9913 /* LessonController.h */,
				CD29C0120DA82D1A00AB9913 /* LessonController.m */,
			);
			name = Controllers;
			sourceTree = "<group>";
		};
		CDBD712B0DABF35C00653ACC /* Neural Network */ = {
			isa = PBXGroup;
			children = (
				CDBD71210DABF35400653ACC /* PBGNeuron.m */,
				CDBD71220DABF35500653ACC /* PBGWeightedConnection.h */,
				CDBD71230DABF35500653ACC /* PBGNeuralNetwork.h */,
				CDBD71240DABF35500653ACC /* PBGWeightedConnection.m */,
				CDBD71250DABF35500653ACC /* PBGNeuralNetwork.m */,
				CDBD71260DABF35500653ACC /* PBGNeuron.h */,
			);
			name = "Neural Network";
			sourceTree = "<group>";
		};
/* End PBXGroup section */

/* Begin PBXNativeTarget section */
		8D1107260486CEB800E47090 /* Neurosis */ = {
			isa = PBXNativeTarget;
			buildConfigurationList = C01FCF4A08A954540054247B /* Build configuration list for PBXNativeTarget "Neurosis" */;
			buildPhases = (
				8D1107290486CEB800E47090 /* Resources */,
				8D11072C0486CEB800E47090 /* Sources */,
				8D11072E0486CEB800E47090 /* Frameworks */,
			);
			buildRules = (
			);
			dependencies = (
			);
			name = Neurosis;
			productInstallPath = "$(HOME)/Applications";
			productName = Neurosis;
			productReference = 8D1107320486CEB800E47090 /* Neurosis.app */;
			productType = "com.apple.product-type.application";
		};
/* End PBXNativeTarget section */

/* Begin PBXProject section */
		29B97313FDCFA39411CA2CEA /* Project object */ = {
			isa = PBXProject;
			buildConfigurationList = C01FCF4E08A954540054247B /* Build configuration list for PBXProject "Neurosis" */;
			compatibilityVersion = "Xcode 3.1";
			hasScannedForEncodings = 1;
			mainGroup = 29B97314FDCFA39411CA2CEA /* Neurosis */;
			projectDirPath = "";
			projectRoot = "";
			targets = (
				8D1107260486CEB800E47090 /* Neurosis */,
			);
		};
/* End PBXProject section */

/* Begin PBXResourcesBuildPhase section */
		8D1107290486CEB800E47090 /* Resources */ = {
			isa = PBXResourcesBuildPhase;
			buildActionMask = 2147483647;
			files = (
				8D11072A0486CEB800E47090 /* MainMenu.nib in Resources */,
				8D11072B0486CEB800E47090 /* InfoPlist.strings in Resources */,
				CDBD6F6A0DA9482200653ACC /* Camera.xib in Resources */,
			);
			runOnlyForDeploymentPostprocessing = 0;
		};
/* End PBXResourcesBuildPhase section */

/* Begin PBXSourcesBuildPhase section */
		8D11072C0486CEB800E47090 /* Sources */ = {
			isa = PBXSourcesBuildPhase;
			buildActionMask = 2147483647;
			files = (
				8D11072D0486CEB800E47090 /* main.m in Sources */,
				CDF6B3E40DA2B956009F28C4 /* NeurosisController.m in Sources */,
				CD8E070B0DA4804C0086C2FC /* PBGImageAndTextCell.m in Sources */,
				CD8E07230DA484E30086C2FC /* PBGSourceObject.m in Sources */,
				CD8E07470DA5A99A0086C2FC /* PBGTreeNode.m in Sources */,
				CD29BE3B0DA5B2F200AB9913 /* NSArray_Extensions.m in Sources */,
				CD29BE8B0DA5C96000AB9913 /* PBGSeparatorCell.m in Sources */,
				CD29BFE20DA800B200AB9913 /* CameraController.m in Sources */,
				CD29BFFA0DA8018200AB9913 /* PBGANNImageProcessor.m in Sources */,
				CD29BFFB0DA8018200AB9913 /* PBGArrayView.m in Sources */,
				CD29C0130DA82D1A00AB9913 /* LessonController.m in Sources */,
				CD29C0180DA82D2C00AB9913 /* PBGLesson.m in Sources */,
				CDBD71270DABF35500653ACC /* PBGNeuron.m in Sources */,
				CDBD71280DABF35500653ACC /* PBGWeightedConnection.m in Sources */,
				CDBD71290DABF35500653ACC /* PBGNeuralNetwork.m in Sources */,
			);
			runOnlyForDeploymentPostprocessing = 0;
		};
/* End PBXSourcesBuildPhase section */

/* Begin PBXVariantGroup section */
		089C165CFE840E0CC02AAC07 /* InfoPlist.strings */ = {
			isa = PBXVariantGroup;
			children = (
				089C165DFE840E0CC02AAC07 /* English */,
			);
			name = InfoPlist.strings;
			sourceTree = "<group>";
		};
		29B97318FDCFA39411CA2CEA /* MainMenu.nib */ = {
			isa = PBXVariantGroup;
			children = (
				29B97319FDCFA39411CA2CEA /* English */,
			);
			name = MainMenu.nib;
			sourceTree = "<group>";
		};
		CDBD6F680DA9482200653ACC /* Camera.xib */ = {
			isa = PBXVariantGroup;
			children = (
				CDBD6F690DA9482200653ACC /* English */,
			);
			name = Camera.xib;
			sourceTree = "<group>";
		};
/* End PBXVariantGroup section */

/* Begin XCBuildConfiguration section */
		C01FCF4B08A954540054247B /* Debug */ = {
			isa = XCBuildConfiguration;
			buildSettings = {
				ALWAYS_SEARCH_USER_PATHS = NO;
				COPY_PHASE_STRIP = NO;
				GCC_DYNAMIC_NO_PIC = NO;
				GCC_ENABLE_FIX_AND_CONTINUE = YES;
				GCC_MODEL_TUNING = G5;
				GCC_OPTIMIZATION_LEVEL = 0;
				GCC_PRECOMPILE_PREFIX_HEADER = YES;
				GCC_PREFIX_HEADER = Neurosis_Prefix.pch;
				INFOPLIST_FILE = Info.plist;
				INSTALL_PATH = "$(HOME)/Applications";
				PRODUCT_NAME = Neurosis;
			};
			name = Debug;
		};
		C01FCF4C08A954540054247B /* Release */ = {
			isa = XCBuildConfiguration;
			buildSettings = {
				ALWAYS_SEARCH_USER_PATHS = NO;
				DEBUG_INFORMATION_FORMAT = "dwarf-with-dsym";
				GCC_MODEL_TUNING = G5;
				GCC_PRECOMPILE_PREFIX_HEADER = YES;
				GCC_PREFIX_HEADER = Neurosis_Prefix.pch;
				INFOPLIST_FILE = Info.plist;
				INSTALL_PATH = "$(HOME)/Applications";
				PRODUCT_NAME = Neurosis;
			};
			name = Release;
		};
		C01FCF4F08A954540054247B /* Debug */ = {
			isa = XCBuildConfiguration;
			buildSettings = {
				ALWAYS_SEARCH_USER_PATHS = NO;
				ARCHS = "$(ARCHS_STANDARD_32_BIT)";
				COPY_PHASE_STRIP = NO;
				GCC_DEBUGGING_SYMBOLS = full;
				GCC_OPTIMIZATION_LEVEL = 0;
				GCC_WARN_ABOUT_RETURN_TYPE = YES;
				GCC_WARN_UNUSED_VARIABLE = YES;
				ONLY_ACTIVE_ARCH = YES;
				PREBINDING = NO;
				SDKROOT = macosx10.5;
				WARNING_CFLAGS = "";
			};
			name = Debug;
		};
		C01FCF5008A954540054247B /* Release */ = {
			isa = XCBuildConfiguration;
			buildSettings = {
				ALWAYS_SEARCH_USER_PATHS = NO;
				ARCHS = "$(ARCHS_STANDARD_32_BIT)";
				GCC_WARN_ABOUT_RETURN_TYPE = YES;
				GCC_WARN_UNUSED_VARIABLE = YES;
				PREBINDING = NO;
				SDKROOT = macosx10.5;
			};
			name = Release;
		};
/* End XCBuildConfiguration section */

/* Begin XCConfigurationList section */
		C01FCF4A08A954540054247B /* Build configuration list for PBXNativeTarget "Neurosis" */ = {
			isa = XCConfigurationList;
			buildConfigurations = (
				C01FCF4B08A954540054247B /* Debug */,
				C01FCF4C08A954540054247B /* Release */,
			);
			defaultConfigurationIsVisible = 0;
			defaultConfigurationName = Release;
		};
		C01FCF4E08A954540054247B /* Build configuration list for PBXProject "Neurosis" */ = {
			isa = XCConfigurationList;
			buildConfigurations = (
				C01FCF4F08A954540054247B /* Debug */,
				C01FCF5008A954540054247B /* Release */,
			);
			defaultConfigurationIsVisible = 0;
			defaultConfigurationName = Release;
		};
/* End XCConfigurationList section */
	};
	rootObject = 29B97313FDCFA39411CA2CEA /* Project object */;
}
